
Microsoft Visual Studio Solution File, Format Version 12.00
# Visual Studio Version 17
VisualStudioVersion = 17.7.34003.232
MinimumVisualStudioVersion = 10.0.40219.1
Project("{FAE04EC0-301F-11D3-BF4B-00C04F79EFBC}") = "EnterTheDungeon", "EnterTheDungeon\EnterTheDungeon.csproj", "{FB0E1431-52D5-4CC1-95CF-337A8A9AE405}"
EndProject
Global
	GlobalSection(SolutionConfigurationPlatforms) = preSolution
		Debug|Any CPU = Debug|Any CPU
		Release|Any CPU = Release|Any CPU
	EndGlobalSection
	GlobalSection(ProjectConfigurationPlatforms) = postSolution
		{FB0E1431-52D5-4CC1-95CF-337A8A9AE405}.Debug|Any CPU.ActiveCfg = Debug|Any CPU
		{FB0E1431-52D5-4CC1-95CF-337A8A9AE405}.Debug|Any CPU.Build.0 = Debug|Any CPU
		{FB0E1431-52D5-4CC1-95CF-337A8A9AE405}.Release|Any CPU.ActiveCfg = Release|Any CPU
		{FB0E1431-52D5-4CC1-95CF-337A8A9AE405}.Release|Any CPU.Build.0 = Release|Any CPU
	EndGlobalSection
	GlobalSection(SolutionProperties) = preSolution
		HideSolutionNode = FALSE
	EndGlobalSection
	GlobalSection(ExtensibilityGlobals) = postSolution
		SolutionGuid = {D7014AF2-2483-47EB-B357-E13150028457}
	EndGlobalSection
EndGlobal
